// !$*UTF8*$!
{
	archiveVersion = 1;
	classes = {
	};
	objectVersion = 60;
	objects = {

/* Begin PBXContainerItemProxy section */
		FF07E5FE2C57A1F800B1B6CA /* PBXContainerItemProxy */ = {
			isa = PBXContainerItemProxy;
			containerPortal = FF07E5E42C57A1F700B1B6CA /* Project object */;
			proxyType = 1;
			remoteGlobalIDString = FF07E5EB2C57A1F700B1B6CA;
			remoteInfo = ExampleCarApp;
		};
		FF07E6082C57A1F800B1B6CA /* PBXContainerItemProxy */ = {
			isa = PBXContainerItemProxy;
			containerPortal = FF07E5E42C57A1F700B1B6CA /* Project object */;
			proxyType = 1;
			remoteGlobalIDString = FF07E5EB2C57A1F700B1B6CA;
			remoteInfo = ExampleCarApp;
		};
/* End PBXContainerItemProxy section */

/* Begin PBXFileReference section */
		FF07E5EC2C57A1F700B1B6CA /* ExampleCarApp.app */ = {isa = PBXFileReference; explicitFileType = wrapper.application; includeInIndex = 0; path = ExampleCarApp.app; sourceTree = BUILT_PRODUCTS_DIR; };
		FF07E5FD2C57A1F800B1B6CA /* ExampleCarAppTests.xctest */ = {isa = PBXFileReference; explicitFileType = wrapper.cfbundle; includeInIndex = 0; path = ExampleCarAppTests.xctest; sourceTree = BUILT_PRODUCTS_DIR; };
		FF07E6072C57A1F800B1B6CA /* ExampleCarAppUITests.xctest */ = {isa = PBXFileReference; explicitFileType = wrapper.cfbundle; includeInIndex = 0; path = ExampleCarAppUITests.xctest; sourceTree = BUILT_PRODUCTS_DIR; };
/* End PBXFileReference section */

/* Begin PBXFileSystemSynchronizedRootGroup section */
		FF07E5EE2C57A1F700B1B6CA /* ExampleCarApp */ = {isa = PBXFileSystemSynchronizedRootGroup; explicitFileTypes = {}; explicitFolders = (); path = ExampleCarApp; sourceTree = "<group>"; };
		FF07E6002C57A1F800B1B6CA /* ExampleCarAppTests */ = {isa = PBXFileSystemSynchronizedRootGroup; explicitFileTypes = {}; explicitFolders = (); path = ExampleCarAppTests; sourceTree = "<group>"; };
		FF07E60A2C57A1F800B1B6CA /* ExampleCarAppUITests */ = {isa = PBXFileSystemSynchronizedRootGroup; explicitFileTypes = {}; explicitFolders = (); path = ExampleCarAppUITests; sourceTree = "<group>"; };
/* End PBXFileSystemSynchronizedRootGroup section */

/* Begin PBXFrameworksBuildPhase section */
		FF07E5E92C57A1F700B1B6CA /* Frameworks */ = {
			isa = PBXFrameworksBuildPhase;
			buildActionMask = 2147483647;
			files = (
			);
			runOnlyForDeploymentPostprocessing = 0;
		};
		FF07E5FA2C57A1F800B1B6CA /* Frameworks */ = {
			isa = PBXFrameworksBuildPhase;
			buildActionMask = 2147483647;
			files = (
			);
			runOnlyForDeploymentPostprocessing = 0;
		};
		FF07E6042C57A1F800B1B6CA /* Frameworks */ = {
			isa = PBXFrameworksBuildPhase;
			buildActionMask = 2147483647;
			files = (
			);
			runOnlyForDeploymentPostprocessing = 0;
		};
/* End PBXFrameworksBuildPhase section */

/* Begin PBXGroup section */
		FF07E5E32C57A1F700B1B6CA = {
			isa = PBXGroup;
			children = (
				FF07E5EE2C57A1F700B1B6CA /* ExampleCarApp */,
				FF07E6002C57A1F800B1B6CA /* ExampleCarAppTests */,
				FF07E60A2C57A1F800B1B6CA /* ExampleCarAppUITests */,
				FF07E5ED2C57A1F700B1B6CA /* Products */,
			);
			sourceTree = "<group>";
		};
		FF07E5ED2C57A1F700B1B6CA /* Products */ = {
			isa = PBXGroup;
			children = (
				FF07E5EC2C57A1F700B1B6CA /* ExampleCarApp.app */,
				FF07E5FD2C57A1F800B1B6CA /* ExampleCarAppTests.xctest */,
				FF07E6072C57A1F800B1B6CA /* ExampleCarAppUITests.xctest */,
			);
			name = Products;
			sourceTree = "<group>";
		};
/* End PBXGroup section */

/* Begin PBXNativeTarget section */
		FF07E5EB2C57A1F700B1B6CA /* ExampleCarApp */ = {
			isa = PBXNativeTarget;
			buildConfigurationList = FF07E6112C57A1F800B1B6CA /* Build configuration list for PBXNativeTarget "ExampleCarApp" */;
			buildPhases = (
				FF07E5E82C57A1F700B1B6CA /* Sources */,
				FF07E5E92C57A1F700B1B6CA /* Frameworks */,
				FF07E5EA2C57A1F700B1B6CA /* Resources */,
			);
			buildRules = (
			);
			dependencies = (
			);
			fileSystemSynchronizedGroups = (
				FF07E5EE2C57A1F700B1B6CA /* ExampleCarApp */,
			);
			name = ExampleCarApp;
			packageProductDependencies = (
			);
			productName = ExampleCarApp;
			productReference = FF07E5EC2C57A1F700B1B6CA /* ExampleCarApp.app */;
			productType = "com.apple.product-type.application";
		};
		FF07E5FC2C57A1F800B1B6CA /* ExampleCarAppTests */ = {
			isa = PBXNativeTarget;
			buildConfigurationList = FF07E6142C57A1F800B1B6CA /* Build configuration list for PBXNativeTarget "ExampleCarAppTests" */;
			buildPhases = (
				FF07E5F92C57A1F800B1B6CA /* Sources */,
				FF07E5FA2C57A1F800B1B6CA /* Frameworks */,
				FF07E5FB2C57A1F800B1B6CA /* Resources */,
			);
			buildRules = (
			);
			dependencies = (
				FF07E5FF2C57A1F800B1B6CA /* PBXTargetDependency */,
			);
			fileSystemSynchronizedGroups = (
				FF07E6002C57A1F800B1B6CA /* ExampleCarAppTests */,
			);
			name = ExampleCarAppTests;
			packageProductDependencies = (
			);
			productName = ExampleCarAppTests;
			productReference = FF07E5FD2C57A1F800B1B6CA /* ExampleCarAppTests.xctest */;
			productType = "com.apple.product-type.bundle.unit-test";
		};
		FF07E6062C57A1F800B1B6CA /* ExampleCarAppUITests */ = {
			isa = PBXNativeTarget;
			buildConfigurationList = FF07E6172C57A1F800B1B6CA /* Build configuration list for PBXNativeTarget "ExampleCarAppUITests" */;
			buildPhases = (
				FF07E6032C57A1F800B1B6CA /* Sources */,
				FF07E6042C57A1F800B1B6CA /* Frameworks */,
				FF07E6052C57A1F800B1B6CA /* Resources */,
			);
			buildRules = (
			);
			dependencies = (
				FF07E6092C57A1F800B1B6CA /* PBXTargetDependency */,
			);
			fileSystemSynchronizedGroups = (
				FF07E60A2C57A1F800B1B6CA /* ExampleCarAppUITests */,
			);
			name = ExampleCarAppUITests;
			packageProductDependencies = (
			);
			productName = ExampleCarAppUITests;
			productReference = FF07E6072C57A1F800B1B6CA /* ExampleCarAppUITests.xctest */;
			productType = "com.apple.product-type.bundle.ui-testing";
		};
/* End PBXNativeTarget section */

/* Begin PBXProject section */
		FF07E5E42C57A1F700B1B6CA /* Project object */ = {
			isa = PBXProject;
			attributes = {
				BuildIndependentTargetsInParallel = 1;
				LastSwiftUpdateCheck = 1600;
				LastUpgradeCheck = 1600;
				TargetAttributes = {
					FF07E5EB2C57A1F700B1B6CA = {
						CreatedOnToolsVersion = 16.0;
					};
					FF07E5FC2C57A1F800B1B6CA = {
						CreatedOnToolsVersion = 16.0;
						TestTargetID = FF07E5EB2C57A1F700B1B6CA;
					};
					FF07E6062C57A1F800B1B6CA = {
						CreatedOnToolsVersion = 16.0;
						TestTargetID = FF07E5EB2C57A1F700B1B6CA;
					};
				};
			};
			buildConfigurationList = FF07E5E72C57A1F700B1B6CA /* Build configuration list for PBXProject "ExampleCarApp" */;
			compatibilityVersion = "Xcode 15.0";
			developmentRegion = en;
			hasScannedForEncodings = 0;
			knownRegions = (
				en,
				Base,
			);
			mainGroup = FF07E5E32C57A1F700B1B6CA;
			productRefGroup = FF07E5ED2C57A1F700B1B6CA /* Products */;
			projectDirPath = "";
			projectRoot = "";
			targets = (
				FF07E5EB2C57A1F700B1B6CA /* ExampleCarApp */,
				FF07E5FC2C57A1F800B1B6CA /* ExampleCarAppTests */,
				FF07E6062C57A1F800B1B6CA /* ExampleCarAppUITests */,
			);
		};
/* End PBXProject section */

/* Begin PBXResourcesBuildPhase section */
		FF07E5EA2C57A1F700B1B6CA /* Resources */ = {
			isa = PBXResourcesBuildPhase;
			buildActionMask = 2147483647;
			files = (
			);
			runOnlyForDeploymentPostprocessing = 0;
		};
		FF07E5FB2C57A1F800B1B6CA /* Resources */ = {
			isa = PBXResourcesBuildPhase;
			buildActionMask = 2147483647;
			files = (
			);
			runOnlyForDeploymentPostprocessing = 0;
		};
		FF07E6052C57A1F800B1B6CA /* Resources */ = {
			isa = PBXResourcesBuildPhase;
			buildActionMask = 2147483647;
			files = (
			);
			runOnlyForDeploymentPostprocessing = 0;
		};
/* End PBXResourcesBuildPhase section */

/* Begin PBXSourcesBuildPhase section */
		FF07E5E82C57A1F700B1B6CA /* Sources */ = {
			isa = PBXSourcesBuildPhase;
			buildActionMask = 2147483647;
			files = (
			);
			runOnlyForDeploymentPostprocessing = 0;
		};
		FF07E5F92C57A1F800B1B6CA /* Sources */ = {
			isa = PBXSourcesBuildPhase;
			buildActionMask = 2147483647;
			files = (
			);
			runOnlyForDeploymentPostprocessing = 0;
		};
		FF07E6032C57A1F800B1B6CA /* Sources */ = {
			isa = PBXSourcesBuildPhase;
			buildActionMask = 2147483647;
			files = (
			);
			runOnlyForDeploymentPostprocessing = 0;
		};
/* End PBXSourcesBuildPhase section */

/* Begin PBXTargetDependency section */
		FF07E5FF2C57A1F800B1B6CA /* PBXTargetDependency */ = {
			isa = PBXTargetDependency;
			target = FF07E5EB2C57A1F700B1B6CA /* ExampleCarApp */;
			targetProxy = FF07E5FE2C57A1F800B1B6CA /* PBXContainerItemProxy */;
		};
		FF07E6092C57A1F800B1B6CA /* PBXTargetDependency */ = {
			isa = PBXTargetDependency;
			target = FF07E5EB2C57A1F700B1B6CA /* ExampleCarApp */;
			targetProxy = FF07E6082C57A1F800B1B6CA /* PBXContainerItemProxy */;
		};
/* End PBXTargetDependency section */

/* Begin XCBuildConfiguration section */
		FF07E60F2C57A1F800B1B6CA /* Debug */ = {
			isa = XCBuildConfiguration;
			buildSettings = {
				ALWAYS_SEARCH_USER_PATHS = NO;
				ASSETCATALOG_COMPILER_GENERATE_SWIFT_ASSET_SYMBOL_EXTENSIONS = YES;
				CLANG_ANALYZER_NONNULL = YES;
				CLANG_ANALYZER_NUMBER_OBJECT_CONVERSION = YES_AGGRESSIVE;
				CLANG_CXX_LANGUAGE_STANDARD = "gnu++20";
				CLANG_ENABLE_MODULES = YES;
				CLANG_ENABLE_OBJC_ARC = YES;
				CLANG_ENABLE_OBJC_WEAK = YES;
				CLANG_WARN_BLOCK_CAPTURE_AUTORELEASING = YES;
				CLANG_WARN_BOOL_CONVERSION = YES;
				CLANG_WARN_COMMA = YES;
				CLANG_WARN_CONSTANT_CONVERSION = YES;
				CLANG_WARN_DEPRECATED_OBJC_IMPLEMENTATIONS = YES;
				CLANG_WARN_DIRECT_OBJC_ISA_USAGE = YES_ERROR;
				CLANG_WARN_DOCUMENTATION_COMMENTS = YES;
				CLANG_WARN_EMPTY_BODY = YES;
				CLANG_WARN_ENUM_CONVERSION = YES;
				CLANG_WARN_INFINITE_RECURSION = YES;
				CLANG_WARN_INT_CONVERSION = YES;
				CLANG_WARN_NON_LITERAL_NULL_CONVERSION = YES;
				CLANG_WARN_OBJC_IMPLICIT_RETAIN_SELF = YES;
				CLANG_WARN_OBJC_LITERAL_CONVERSION = YES;
				CLANG_WARN_OBJC_ROOT_CLASS = YES_ERROR;
				CLANG_WARN_QUOTED_INCLUDE_IN_FRAMEWORK_HEADER = YES;
				CLANG_WARN_RANGE_LOOP_ANALYSIS = YES;
				CLANG_WARN_STRICT_PROTOTYPES = YES;
				CLANG_WARN_SUSPICIOUS_MOVE = YES;
				CLANG_WARN_UNGUARDED_AVAILABILITY = YES_AGGRESSIVE;
				CLANG_WARN_UNREACHABLE_CODE = YES;
				CLANG_WARN__DUPLICATE_METHOD_MATCH = YES;
				COPY_PHASE_STRIP = NO;
				DEBUG_INFORMATION_FORMAT = dwarf;
				ENABLE_STRICT_OBJC_MSGSEND = YES;
				ENABLE_TESTABILITY = YES;
				ENABLE_USER_SCRIPT_SANDBOXING = YES;
				GCC_C_LANGUAGE_STANDARD = gnu17;
				GCC_DYNAMIC_NO_PIC = NO;
				GCC_NO_COMMON_BLOCKS = YES;
				GCC_OPTIMIZATION_LEVEL = 0;
				GCC_PREPROCESSOR_DEFINITIONS = (
					"DEBUG=1",
					"$(inherited)",
				);
				GCC_WARN_64_TO_32_BIT_CONVERSION = YES;
				GCC_WARN_ABOUT_RETURN_TYPE = YES_ERROR;
				GCC_WARN_UNDECLARED_SELECTOR = YES;
				GCC_WARN_UNINITIALIZED_AUTOS = YES_AGGRESSIVE;
				GCC_WARN_UNUSED_FUNCTION = YES;
				GCC_WARN_UNUSED_VARIABLE = YES;
				LOCALIZATION_PREFERS_STRING_CATALOGS = YES;
				MTL_ENABLE_DEBUG_INFO = INCLUDE_SOURCE;
				MTL_FAST_MATH = YES;
				ONLY_ACTIVE_ARCH = YES;
				SWIFT_ACTIVE_COMPILATION_CONDITIONS = "DEBUG $(inherited)";
				SWIFT_OPTIMIZATION_LEVEL = "-Onone";
			};
			name = Debug;
		};
		FF07E6102C57A1F800B1B6CA /* Release */ = {
			isa = XCBuildConfiguration;
			buildSettings = {
				ALWAYS_SEARCH_USER_PATHS = NO;
				ASSETCATALOG_COMPILER_GENERATE_SWIFT_ASSET_SYMBOL_EXTENSIONS = YES;
				CLANG_ANALYZER_NONNULL = YES;
				CLANG_ANALYZER_NUMBER_OBJECT_CONVERSION = YES_AGGRESSIVE;
				CLANG_CXX_LANGUAGE_STANDARD = "gnu++20";
				CLANG_ENABLE_MODULES = YES;
				CLANG_ENABLE_OBJC_ARC = YES;
				CLANG_ENABLE_OBJC_WEAK = YES;
				CLANG_WARN_BLOCK_CAPTURE_AUTORELEASING = YES;
				CLANG_WARN_BOOL_CONVERSION = YES;
				CLANG_WARN_COMMA = YES;
				CLANG_WARN_CONSTANT_CONVERSION = YES;
				CLANG_WARN_DEPRECATED_OBJC_IMPLEMENTATIONS = YES;
				CLANG_WARN_DIRECT_OBJC_ISA_USAGE = YES_ERROR;
				CLANG_WARN_DOCUMENTATION_COMMENTS = YES;
				CLANG_WARN_EMPTY_BODY = YES;
				CLANG_WARN_ENUM_CONVERSION = YES;
				CLANG_WARN_INFINITE_RECURSION = YES;
				CLANG_WARN_INT_CONVERSION = YES;
				CLANG_WARN_NON_LITERAL_NULL_CONVERSION = YES;
				CLANG_WARN_OBJC_IMPLICIT_RETAIN_SELF = YES;
				CLANG_WARN_OBJC_LITERAL_CONVERSION = YES;
				CLANG_WARN_OBJC_ROOT_CLASS = YES_ERROR;
				CLANG_WARN_QUOTED_INCLUDE_IN_FRAMEWORK_HEADER = YES;
				CLANG_WARN_RANGE_LOOP_ANALYSIS = YES;
				CLANG_WARN_STRICT_PROTOTYPES = YES;
				CLANG_WARN_SUSPICIOUS_MOVE = YES;
				CLANG_WARN_UNGUARDED_AVAILABILITY = YES_AGGRESSIVE;
				CLANG_WARN_UNREACHABLE_CODE = YES;
				CLANG_WARN__DUPLICATE_METHOD_MATCH = YES;
				COPY_PHASE_STRIP = NO;
				DEBUG_INFORMATION_FORMAT = "dwarf-with-dsym";
				ENABLE_NS_ASSERTIONS = NO;
				ENABLE_STRICT_OBJC_MSGSEND = YES;
				ENABLE_USER_SCRIPT_SANDBOXING = YES;
				GCC_C_LANGUAGE_STANDARD = gnu17;
				GCC_NO_COMMON_BLOCKS = YES;
				GCC_WARN_64_TO_32_BIT_CONVERSION = YES;
				GCC_WARN_ABOUT_RETURN_TYPE = YES_ERROR;
				GCC_WARN_UNDECLARED_SELECTOR = YES;
				GCC_WARN_UNINITIALIZED_AUTOS = YES_AGGRESSIVE;
				GCC_WARN_UNUSED_FUNCTION = YES;
				GCC_WARN_UNUSED_VARIABLE = YES;
				LOCALIZATION_PREFERS_STRING_CATALOGS = YES;
				MTL_ENABLE_DEBUG_INFO = NO;
				MTL_FAST_MATH = YES;
				SWIFT_COMPILATION_MODE = wholemodule;
			};
			name = Release;
		};
		FF07E6122C57A1F800B1B6CA /* Debug */ = {
			isa = XCBuildConfiguration;
			buildSettings = {
				ASSETCATALOG_COMPILER_APPICON_NAME = AppIcon;
				ASSETCATALOG_COMPILER_GLOBAL_ACCENT_COLOR_NAME = AccentColor;
				CODE_SIGN_ENTITLEMENTS = ExampleCarApp/ExampleCarApp.entitlements;
				CODE_SIGN_STYLE = Automatic;
				CURRENT_PROJECT_VERSION = 1;
				DEVELOPMENT_ASSET_PATHS = "\"ExampleCarApp/Preview Content\"";
				DEVELOPMENT_TEAM = 73X37M5BQV;
				ENABLE_HARDENED_RUNTIME = YES;
				ENABLE_PREVIEWS = YES;
				GENERATE_INFOPLIST_FILE = YES;
				"INFOPLIST_KEY_UIApplicationSceneManifest_Generation[sdk=iphoneos*]" = YES;
				"INFOPLIST_KEY_UIApplicationSceneManifest_Generation[sdk=iphonesimulator*]" = YES;
				"INFOPLIST_KEY_UIApplicationSupportsIndirectInputEvents[sdk=iphoneos*]" = YES;
				"INFOPLIST_KEY_UIApplicationSupportsIndirectInputEvents[sdk=iphonesimulator*]" = YES;
				"INFOPLIST_KEY_UILaunchScreen_Generation[sdk=iphoneos*]" = YES;
				"INFOPLIST_KEY_UILaunchScreen_Generation[sdk=iphonesimulator*]" = YES;
				"INFOPLIST_KEY_UIStatusBarStyle[sdk=iphoneos*]" = UIStatusBarStyleDefault;
				"INFOPLIST_KEY_UIStatusBarStyle[sdk=iphonesimulator*]" = UIStatusBarStyleDefault;
				INFOPLIST_KEY_UISupportedInterfaceOrientations_iPad = "UIInterfaceOrientationPortrait UIInterfaceOrientationPortraitUpsideDown UIInterfaceOrientationLandscapeLeft UIInterfaceOrientationLandscapeRight";
				INFOPLIST_KEY_UISupportedInterfaceOrientations_iPhone = "UIInterfaceOrientationPortrait UIInterfaceOrientationLandscapeLeft UIInterfaceOrientationLandscapeRight";
				IPHONEOS_DEPLOYMENT_TARGET = 18.0;
				LD_RUNPATH_SEARCH_PATHS = "@executable_path/Frameworks";
				"LD_RUNPATH_SEARCH_PATHS[sdk=macosx*]" = "@executable_path/../Frameworks";
				MACOSX_DEPLOYMENT_TARGET = 14.5;
				MARKETING_VERSION = 1.0;
				PRODUCT_BUNDLE_IDENTIFIER = TravisBrigman.ExampleCarApp;
				PRODUCT_NAME = "$(TARGET_NAME)";
				SDKROOT = auto;
				SUPPORTED_PLATFORMS = "iphoneos iphonesimulator macosx xros xrsimulator";
				SWIFT_EMIT_LOC_STRINGS = YES;
				SWIFT_VERSION = 5.0;
				TARGETED_DEVICE_FAMILY = "1,2,7";
				XROS_DEPLOYMENT_TARGET = 2.0;
			};
			name = Debug;
		};
		FF07E6132C57A1F800B1B6CA /* Release */ = {
			isa = XCBuildConfiguration;
			buildSettings = {
				ASSETCATALOG_COMPILER_APPICON_NAME = AppIcon;
				ASSETCATALOG_COMPILER_GLOBAL_ACCENT_COLOR_NAME = AccentColor;
				CODE_SIGN_ENTITLEMENTS = ExampleCarApp/ExampleCarApp.entitlements;
				CODE_SIGN_STYLE = Automatic;
				CURRENT_PROJECT_VERSION = 1;
				DEVELOPMENT_ASSET_PATHS = "\"ExampleCarApp/Preview Content\"";
				DEVELOPMENT_TEAM = 73X37M5BQV;
				ENABLE_HARDENED_RUNTIME = YES;
				ENABLE_PREVIEWS = YES;
				GENERATE_INFOPLIST_FILE = YES;
				"INFOPLIST_KEY_UIApplicationSceneManifest_Generation[sdk=iphoneos*]" = YES;
				"INFOPLIST_KEY_UIApplicationSceneManifest_Generation[sdk=iphonesimulator*]" = YES;
				"INFOPLIST_KEY_UIApplicationSupportsIndirectInputEvents[sdk=iphoneos*]" = YES;
				"INFOPLIST_KEY_UIApplicationSupportsIndirectInputEvents[sdk=iphonesimulator*]" = YES;
				"INFOPLIST_KEY_UILaunchScreen_Generation[sdk=iphoneos*]" = YES;
				"INFOPLIST_KEY_UILaunchScreen_Generation[sdk=iphonesimulator*]" = YES;
				"INFOPLIST_KEY_UIStatusBarStyle[sdk=iphoneos*]" = UIStatusBarStyleDefault;
				"INFOPLIST_KEY_UIStatusBarStyle[sdk=iphonesimulator*]" = UIStatusBarStyleDefault;
				INFOPLIST_KEY_UISupportedInterfaceOrientations_iPad = "UIInterfaceOrientationPortrait UIInterfaceOrientationPortraitUpsideDown UIInterfaceOrientationLandscapeLeft UIInterfaceOrientationLandscapeRight";
				INFOPLIST_KEY_UISupportedInterfaceOrientations_iPhone = "UIInterfaceOrientationPortrait UIInterfaceOrientationLandscapeLeft UIInterfaceOrientationLandscapeRight";
				IPHONEOS_DEPLOYMENT_TARGET = 18.0;
				LD_RUNPATH_SEARCH_PATHS = "@executable_path/Frameworks";
				"LD_RUNPATH_SEARCH_PATHS[sdk=macosx*]" = "@executable_path/../Frameworks";
				MACOSX_DEPLOYMENT_TARGET = 14.5;
				MARKETING_VERSION = 1.0;
				PRODUCT_BUNDLE_IDENTIFIER = TravisBrigman.ExampleCarApp;
				PRODUCT_NAME = "$(TARGET_NAME)";
				SDKROOT = auto;
				SUPPORTED_PLATFORMS = "iphoneos iphonesimulator macosx xros xrsimulator";
				SWIFT_EMIT_LOC_STRINGS = YES;
				SWIFT_VERSION = 5.0;
				TARGETED_DEVICE_FAMILY = "1,2,7";
				XROS_DEPLOYMENT_TARGET = 2.0;
			};
			name = Release;
		};
		FF07E6152C57A1F800B1B6CA /* Debug */ = {
			isa = XCBuildConfiguration;
			buildSettings = {
				BUNDLE_LOADER = "$(TEST_HOST)";
				CODE_SIGN_STYLE = Automatic;
				CURRENT_PROJECT_VERSION = 1;
				DEVELOPMENT_TEAM = 73X37M5BQV;
				GENERATE_INFOPLIST_FILE = YES;
				IPHONEOS_DEPLOYMENT_TARGET = 18.0;
				MACOSX_DEPLOYMENT_TARGET = 14.5;
				MARKETING_VERSION = 1.0;
				PRODUCT_BUNDLE_IDENTIFIER = TravisBrigman.ExampleCarAppTests;
				PRODUCT_NAME = "$(TARGET_NAME)";
				SDKROOT = auto;
				SUPPORTED_PLATFORMS = "iphoneos iphonesimulator macosx xros xrsimulator";
				SWIFT_EMIT_LOC_STRINGS = NO;
				SWIFT_VERSION = 5.0;
				TARGETED_DEVICE_FAMILY = "1,2,7";
				TEST_HOST = "$(BUILT_PRODUCTS_DIR)/ExampleCarApp.app/$(BUNDLE_EXECUTABLE_FOLDER_PATH)/ExampleCarApp";
				XROS_DEPLOYMENT_TARGET = 2.0;
			};
			name = Debug;
		};
		FF07E6162C57A1F800B1B6CA /* Release */ = {
			isa = XCBuildConfiguration;
			buildSettings = {
				BUNDLE_LOADER = "$(TEST_HOST)";
				CODE_SIGN_STYLE = Automatic;
				CURRENT_PROJECT_VERSION = 1;
				DEVELOPMENT_TEAM = 73X37M5BQV;
				GENERATE_INFOPLIST_FILE = YES;
				IPHONEOS_DEPLOYMENT_TARGET = 18.0;
				MACOSX_DEPLOYMENT_TARGET = 14.5;
				MARKETING_VERSION = 1.0;
				PRODUCT_BUNDLE_IDENTIFIER = TravisBrigman.ExampleCarAppTests;
				PRODUCT_NAME = "$(TARGET_NAME)";
				SDKROOT = auto;
				SUPPORTED_PLATFORMS = "iphoneos iphonesimulator macosx xros xrsimulator";
				SWIFT_EMIT_LOC_STRINGS = NO;
				SWIFT_VERSION = 5.0;
				TARGETED_DEVICE_FAMILY = "1,2,7";
				TEST_HOST = "$(BUILT_PRODUCTS_DIR)/ExampleCarApp.app/$(BUNDLE_EXECUTABLE_FOLDER_PATH)/ExampleCarApp";
				XROS_DEPLOYMENT_TARGET = 2.0;
			};
			name = Release;
		};
		FF07E6182C57A1F800B1B6CA /* Debug */ = {
			isa = XCBuildConfiguration;
			buildSettings = {
				CODE_SIGN_STYLE = Automatic;
				CURRENT_PROJECT_VERSION = 1;
				DEVELOPMENT_TEAM = 73X37M5BQV;
				GENERATE_INFOPLIST_FILE = YES;
				IPHONEOS_DEPLOYMENT_TARGET = 18.0;
				MACOSX_DEPLOYMENT_TARGET = 14.5;
				MARKETING_VERSION = 1.0;
				PRODUCT_BUNDLE_IDENTIFIER = TravisBrigman.ExampleCarAppUITests;
				PRODUCT_NAME = "$(TARGET_NAME)";
				SDKROOT = auto;
				SUPPORTED_PLATFORMS = "iphoneos iphonesimulator macosx xros xrsimulator";
				SWIFT_EMIT_LOC_STRINGS = NO;
				SWIFT_VERSION = 5.0;
				TARGETED_DEVICE_FAMILY = "1,2,7";
				TEST_TARGET_NAME = ExampleCarApp;
				XROS_DEPLOYMENT_TARGET = 2.0;
			};
			name = Debug;
		};
		FF07E6192C57A1F800B1B6CA /* Release */ = {
			isa = XCBuildConfiguration;
			buildSettings = {
				CODE_SIGN_STYLE = Automatic;
				CURRENT_PROJECT_VERSION = 1;
				DEVELOPMENT_TEAM = 73X37M5BQV;
				GENERATE_INFOPLIST_FILE = YES;
				IPHONEOS_DEPLOYMENT_TARGET = 18.0;
				MACOSX_DEPLOYMENT_TARGET = 14.5;
				MARKETING_VERSION = 1.0;
				PRODUCT_BUNDLE_IDENTIFIER = TravisBrigman.ExampleCarAppUITests;
				PRODUCT_NAME = "$(TARGET_NAME)";
				SDKROOT = auto;
				SUPPORTED_PLATFORMS = "iphoneos iphonesimulator macosx xros xrsimulator";
				SWIFT_EMIT_LOC_STRINGS = NO;
				SWIFT_VERSION = 5.0;
				TARGETED_DEVICE_FAMILY = "1,2,7";
				TEST_TARGET_NAME = ExampleCarApp;
				XROS_DEPLOYMENT_TARGET = 2.0;
			};
			name = Release;
		};
/* End XCBuildConfiguration section */

/* Begin XCConfigurationList section */
		FF07E5E72C57A1F700B1B6CA /* Build configuration list for PBXProject "ExampleCarApp" */ = {
			isa = XCConfigurationList;
			buildConfigurations = (
				FF07E60F2C57A1F800B1B6CA /* Debug */,
				FF07E6102C57A1F800B1B6CA /* Release */,
			);
			defaultConfigurationIsVisible = 0;
			defaultConfigurationName = Release;
		};
		FF07E6112C57A1F800B1B6CA /* Build configuration list for PBXNativeTarget "ExampleCarApp" */ = {
			isa = XCConfigurationList;
			buildConfigurations = (
				FF07E6122C57A1F800B1B6CA /* Debug */,
				FF07E6132C57A1F800B1B6CA /* Release */,
			);
			defaultConfigurationIsVisible = 0;
			defaultConfigurationName = Release;
		};
		FF07E6142C57A1F800B1B6CA /* Build configuration list for PBXNativeTarget "ExampleCarAppTests" */ = {
			isa = XCConfigurationList;
			buildConfigurations = (
				FF07E6152C57A1F800B1B6CA /* Debug */,
				FF07E6162C57A1F800B1B6CA /* Release */,
			);
			defaultConfigurationIsVisible = 0;
			defaultConfigurationName = Release;
		};
		FF07E6172C57A1F800B1B6CA /* Build configuration list for PBXNativeTarget "ExampleCarAppUITests" */ = {
			isa = XCConfigurationList;
			buildConfigurations = (
				FF07E6182C57A1F800B1B6CA /* Debug */,
				FF07E6192C57A1F800B1B6CA /* Release */,
			);
			defaultConfigurationIsVisible = 0;
			defaultConfigurationName = Release;
		};
/* End XCConfigurationList section */
	};
	rootObject = FF07E5E42C57A1F700B1B6CA /* Project object */;
}
